
Microsoft Visual Studio Solution File, Format Version 12.00
# Visual Studio Version 17
VisualStudioVersion = 17.3.32929.385
MinimumVisualStudioVersion = 10.0.40219.1
Project("{FAE04EC0-301F-11D3-BF4B-00C04F79EFBC}") = "NextDay", "NextDay\NextDay.csproj", "{7059280C-CCE8-42B8-A93A-B2C4372BCCE8}"
EndProject
Global
	GlobalSection(SolutionConfigurationPlatforms) = preSolution
		Debug|Any CPU = Debug|Any CPU
		Release|Any CPU = Release|Any CPU
	EndGlobalSection
	GlobalSection(ProjectConfigurationPlatforms) = postSolution
		{7059280C-CCE8-42B8-A93A-B2C4372BCCE8}.Debug|Any CPU.ActiveCfg = Debug|Any CPU
		{7059280C-CCE8-42B8-A93A-B2C4372BCCE8}.Debug|Any CPU.Build.0 = Debug|Any CPU
		{7059280C-CCE8-42B8-A93A-B2C4372BCCE8}.Release|Any CPU.ActiveCfg = Release|Any CPU
		{7059280C-CCE8-42B8-A93A-B2C4372BCCE8}.Release|Any CPU.Build.0 = Release|Any CPU
	EndGlobalSection
	GlobalSection(SolutionProperties) = preSolution
		HideSolutionNode = FALSE
	EndGlobalSection
	GlobalSection(ExtensibilityGlobals) = postSolution
		SolutionGuid = {EAE3997A-CC82-4DE3-BEAA-03BE2EF66CB0}
	EndGlobalSection
EndGlobal
